
Microsoft Visual Studio Solution File, Format Version 12.00
# Visual Studio Version 16
VisualStudioVersion = 16.0.32413.511
MinimumVisualStudioVersion = 10.0.40219.1
Project("{FAE04EC0-301F-11D3-BF4B-00C04F79EFBC}") = "NaplatnaRampa", "NaplatnaRampa\NaplatnaRampa.csproj", "{39E6A3F7-538B-4655-BB36-0A768FE045ED}"
EndProject
Global
	GlobalSection(SolutionConfigurationPlatforms) = preSolution
		Debug|Any CPU = Debug|Any CPU
		Release|Any CPU = Release|Any CPU
	EndGlobalSection
	GlobalSection(ProjectConfigurationPlatforms) = postSolution
		{39E6A3F7-538B-4655-BB36-0A768FE045ED}.Debug|Any CPU.ActiveCfg = Debug|Any CPU
		{39E6A3F7-538B-4655-BB36-0A768FE045ED}.Debug|Any CPU.Build.0 = Debug|Any CPU
		{39E6A3F7-538B-4655-BB36-0A768FE045ED}.Release|Any CPU.ActiveCfg = Release|Any CPU
		{39E6A3F7-538B-4655-BB36-0A768FE045ED}.Release|Any CPU.Build.0 = Release|Any CPU
	EndGlobalSection
	GlobalSection(SolutionProperties) = preSolution
		HideSolutionNode = FALSE
	EndGlobalSection
	GlobalSection(ExtensibilityGlobals) = postSolution
		SolutionGuid = {463BEAEE-BBA4-4265-9DA4-531630B92826}
	EndGlobalSection
EndGlobal
